// !$*UTF8*$!
{
	archiveVersion = 1;
	classes = {
	};
	objectVersion = 52;
	objects = {

/* Begin PBXBuildFile section */
		88417634236E0CA20081EDC5 /* AppDelegate.swift in Sources */ = {isa = PBXBuildFile; fileRef = 88417633236E0CA20081EDC5 /* AppDelegate.swift */; };
		88417636236E0CA20081EDC5 /* SceneDelegate.swift in Sources */ = {isa = PBXBuildFile; fileRef = 88417635236E0CA20081EDC5 /* SceneDelegate.swift */; };
		8841763D236E0CA30081EDC5 /* Assets.xcassets in Resources */ = {isa = PBXBuildFile; fileRef = 8841763C236E0CA30081EDC5 /* Assets.xcassets */; };
		88417640236E0CA30081EDC5 /* LaunchScreen.storyboard in Resources */ = {isa = PBXBuildFile; fileRef = 8841763E236E0CA30081EDC5 /* LaunchScreen.storyboard */; };
		8848000823701B450015F044 /* SDWebImage in Frameworks */ = {isa = PBXBuildFile; productRef = 8848000723701B450015F044 /* SDWebImage */; };
		8848000D23704A3A0015F044 /* DetailViewController.swift in Sources */ = {isa = PBXBuildFile; fileRef = 8848000C23704A3A0015F044 /* DetailViewController.swift */; };
		8848001023704AB80015F044 /* DetailViewController.xib in Resources */ = {isa = PBXBuildFile; fileRef = 8848000F23704AB80015F044 /* DetailViewController.xib */; };
		8848001323704DC60015F044 /* DetailViewModel.swift in Sources */ = {isa = PBXBuildFile; fileRef = 8848001223704DC60015F044 /* DetailViewModel.swift */; };
		8848001623709C840015F044 /* WindowTestCase.swift in Sources */ = {isa = PBXBuildFile; fileRef = 8848001523709C840015F044 /* WindowTestCase.swift */; };
		884800182371D8460015F044 /* XCTest+UIAlertController.swift in Sources */ = {isa = PBXBuildFile; fileRef = 884800172371D8460015F044 /* XCTest+UIAlertController.swift */; };
		8848001A2371D8D20015F044 /* AlertConfigurationBuilder.swift in Sources */ = {isa = PBXBuildFile; fileRef = 884800192371D8D20015F044 /* AlertConfigurationBuilder.swift */; };
		8848001C2371D9420015F044 /* SDWebImage in Frameworks */ = {isa = PBXBuildFile; productRef = 8848001B2371D9420015F044 /* SDWebImage */; };
		8848001F2371D9BC0015F044 /* RootCoordinatorTests.swift in Sources */ = {isa = PBXBuildFile; fileRef = 8848001E2371D9BC0015F044 /* RootCoordinatorTests.swift */; };
		884800242371DB700015F044 /* MockServiceProvider.swift in Sources */ = {isa = PBXBuildFile; fileRef = 884800232371DB700015F044 /* MockServiceProvider.swift */; };
		884800262371DFDA0015F044 /* UIAlert+Configuration.swift in Sources */ = {isa = PBXBuildFile; fileRef = 884800252371DFDA0015F044 /* UIAlert+Configuration.swift */; };
		884800292371E47E0015F044 /* SearchViewModelTests.swift in Sources */ = {isa = PBXBuildFile; fileRef = 884800282371E47E0015F044 /* SearchViewModelTests.swift */; };
		8848002B2372BBB80015F044 /* MockGetRecipesUseCase.swift in Sources */ = {isa = PBXBuildFile; fileRef = 8848002A2372BBB80015F044 /* MockGetRecipesUseCase.swift */; };
		8848002D2372BC780015F044 /* MockServiceError.swift in Sources */ = {isa = PBXBuildFile; fileRef = 8848002C2372BC780015F044 /* MockServiceError.swift */; };
		8848002F2372BDF40015F044 /* MockConstant.swift in Sources */ = {isa = PBXBuildFile; fileRef = 8848002E2372BDF40015F044 /* MockConstant.swift */; };
		884800312372C5BB0015F044 /* TestError.swift in Sources */ = {isa = PBXBuildFile; fileRef = 884800302372C5BB0015F044 /* TestError.swift */; };
		884800332372CCE30015F044 /* RecipeCellViewModelTests.swift in Sources */ = {isa = PBXBuildFile; fileRef = 884800322372CCE30015F044 /* RecipeCellViewModelTests.swift */; };
		884800352372CE760015F044 /* DetailViewModelTests.swift in Sources */ = {isa = PBXBuildFile; fileRef = 884800342372CE760015F044 /* DetailViewModelTests.swift */; };
		8848FFEA236F2E290015F044 /* AlertControllerDisplayable.swift in Sources */ = {isa = PBXBuildFile; fileRef = 8848FFE9236F2E290015F044 /* AlertControllerDisplayable.swift */; };
		8848FFEC236F371E0015F044 /* Collection+Safe.swift in Sources */ = {isa = PBXBuildFile; fileRef = 8848FFEB236F371E0015F044 /* Collection+Safe.swift */; };
		8848FFEE236F3C950015F044 /* EmptyStateViewController.swift in Sources */ = {isa = PBXBuildFile; fileRef = 8848FFED236F3C950015F044 /* EmptyStateViewController.swift */; };
		8848FFF0236F3CC10015F044 /* EmptyStateViewController.xib in Resources */ = {isa = PBXBuildFile; fileRef = 8848FFEF236F3CC10015F044 /* EmptyStateViewController.xib */; };
		8848FFF2236F3E860015F044 /* UIViewController+Child.swift in Sources */ = {isa = PBXBuildFile; fileRef = 8848FFF1236F3E860015F044 /* UIViewController+Child.swift */; };
		8848FFF4236F3ECB0015F044 /* UIView+AutoLayoutHelpers.swift in Sources */ = {isa = PBXBuildFile; fileRef = 8848FFF3236F3ECB0015F044 /* UIView+AutoLayoutHelpers.swift */; };
		8848FFF6236F42750015F044 /* Collection+SafeTests.swift in Sources */ = {isa = PBXBuildFile; fileRef = 8848FFF5236F42750015F044 /* Collection+SafeTests.swift */; };
		8848FFF9236F44890015F044 /* AlertConfiguration.swift in Sources */ = {isa = PBXBuildFile; fileRef = 8848FFF8236F44890015F044 /* AlertConfiguration.swift */; };
		8848FFFB236F469C0015F044 /* AlertConfiguration+Extension.swift in Sources */ = {isa = PBXBuildFile; fileRef = 8848FFFA236F469C0015F044 /* AlertConfiguration+Extension.swift */; };
		8848FFFD236F778A0015F044 /* EdgeInsetsLabel.swift in Sources */ = {isa = PBXBuildFile; fileRef = 8848FFFC236F778A0015F044 /* EdgeInsetsLabel.swift */; };
		8848FFFF236F77BE0015F044 /* UILabel+Rotation.swift in Sources */ = {isa = PBXBuildFile; fileRef = 8848FFFE236F77BE0015F044 /* UILabel+Rotation.swift */; };
		88FD8A71236E0DFD003A7FE2 /* Coordinator.swift in Sources */ = {isa = PBXBuildFile; fileRef = 88FD8A68236E0DE6003A7FE2 /* Coordinator.swift */; };
		88FD8A72236E0E00003A7FE2 /* RouteMediating.swift in Sources */ = {isa = PBXBuildFile; fileRef = 88FD8A69236E0DE6003A7FE2 /* RouteMediating.swift */; };
		88FD8A73236E0E05003A7FE2 /* RootCoordinator.swift in Sources */ = {isa = PBXBuildFile; fileRef = 88FD8A6F236E0DE6003A7FE2 /* RootCoordinator.swift */; };
		88FD8A74236E0E13003A7FE2 /* AppCoordinator.swift in Sources */ = {isa = PBXBuildFile; fileRef = 88FD8A6B236E0DE6003A7FE2 /* AppCoordinator.swift */; };
		88FD8A75236E0E17003A7FE2 /* DependencyProvider.swift in Sources */ = {isa = PBXBuildFile; fileRef = 88FD8A6C236E0DE6003A7FE2 /* DependencyProvider.swift */; };
		88FD8A76236E0E17003A7FE2 /* RepositoryProvider.swift in Sources */ = {isa = PBXBuildFile; fileRef = 88FD8A6D236E0DE6003A7FE2 /* RepositoryProvider.swift */; };
		88FD8A77236E0E25003A7FE2 /* RecipeCell.swift in Sources */ = {isa = PBXBuildFile; fileRef = 88FD8A5C236E0DE6003A7FE2 /* RecipeCell.swift */; };
		88FD8A78236E0E2E003A7FE2 /* SearchViewController.xib in Resources */ = {isa = PBXBuildFile; fileRef = 88FD8A5F236E0DE6003A7FE2 /* SearchViewController.xib */; };
		88FD8A79236E0E33003A7FE2 /* SearchViewModel.swift in Sources */ = {isa = PBXBuildFile; fileRef = 88FD8A61236E0DE6003A7FE2 /* SearchViewModel.swift */; };
		88FD8A7A236E0E36003A7FE2 /* SearchViewController.swift in Sources */ = {isa = PBXBuildFile; fileRef = 88FD8A63236E0DE6003A7FE2 /* SearchViewController.swift */; };
		88FD8A7B236E0E3B003A7FE2 /* GetRecipesWithIngredients.swift in Sources */ = {isa = PBXBuildFile; fileRef = 88FD8A65236E0DE6003A7FE2 /* GetRecipesWithIngredients.swift */; };
		88FD8A7C236E0E3E003A7FE2 /* RecipesRepository.swift in Sources */ = {isa = PBXBuildFile; fileRef = 88FD8A59236E0DE5003A7FE2 /* RecipesRepository.swift */; };
		88FD8A7D236E0E41003A7FE2 /* RecipesRepositoryProviding.swift in Sources */ = {isa = PBXBuildFile; fileRef = 88FD8A5A236E0DE5003A7FE2 /* RecipesRepositoryProviding.swift */; };
		88FD8A80236E0E87003A7FE2 /* Main.storyboard in Resources */ = {isa = PBXBuildFile; fileRef = 88FD8A7F236E0E77003A7FE2 /* Main.storyboard */; };
		88FD8A83236E0FA7003A7FE2 /* Models.framework in Frameworks */ = {isa = PBXBuildFile; fileRef = 88FD8A82236E0FA7003A7FE2 /* Models.framework */; };
		88FD8A84236E0FA7003A7FE2 /* Models.framework in Embed Frameworks */ = {isa = PBXBuildFile; fileRef = 88FD8A82236E0FA7003A7FE2 /* Models.framework */; settings = {ATTRIBUTES = (CodeSignOnCopy, RemoveHeadersOnCopy, ); }; };
		88FD8A87236E0FAB003A7FE2 /* RecipePuppyKit.framework in Frameworks */ = {isa = PBXBuildFile; fileRef = 88FD8A86236E0FAB003A7FE2 /* RecipePuppyKit.framework */; };
		88FD8A88236E0FAB003A7FE2 /* RecipePuppyKit.framework in Embed Frameworks */ = {isa = PBXBuildFile; fileRef = 88FD8A86236E0FAB003A7FE2 /* RecipePuppyKit.framework */; settings = {ATTRIBUTES = (CodeSignOnCopy, RemoveHeadersOnCopy, ); }; };
		88FD8A8A236E10E8003A7FE2 /* RecipeCellViewModel.swift in Sources */ = {isa = PBXBuildFile; fileRef = 88FD8A89236E10E8003A7FE2 /* RecipeCellViewModel.swift */; };
/* End PBXBuildFile section */

/* Begin PBXContainerItemProxy section */
		88417647236E0CA30081EDC5 /* PBXContainerItemProxy */ = {
			isa = PBXContainerItemProxy;
			containerPortal = 88417628236E0CA20081EDC5 /* Project object */;
			proxyType = 1;
			remoteGlobalIDString = 8841762F236E0CA20081EDC5;
			remoteInfo = RecipePuppy;
		};
/* End PBXContainerItemProxy section */

/* Begin PBXCopyFilesBuildPhase section */
		88FD8A85236E0FA7003A7FE2 /* Embed Frameworks */ = {
			isa = PBXCopyFilesBuildPhase;
			buildActionMask = 2147483647;
			dstPath = "";
			dstSubfolderSpec = 10;
			files = (
				88FD8A88236E0FAB003A7FE2 /* RecipePuppyKit.framework in Embed Frameworks */,
				88FD8A84236E0FA7003A7FE2 /* Models.framework in Embed Frameworks */,
			);
			name = "Embed Frameworks";
			runOnlyForDeploymentPostprocessing = 0;
		};
/* End PBXCopyFilesBuildPhase section */

/* Begin PBXFileReference section */
		88417630236E0CA20081EDC5 /* RecipePuppy.app */ = {isa = PBXFileReference; explicitFileType = wrapper.application; includeInIndex = 0; path = RecipePuppy.app; sourceTree = BUILT_PRODUCTS_DIR; };
		88417633236E0CA20081EDC5 /* AppDelegate.swift */ = {isa = PBXFileReference; lastKnownFileType = sourcecode.swift; path = AppDelegate.swift; sourceTree = "<group>"; };
		88417635236E0CA20081EDC5 /* SceneDelegate.swift */ = {isa = PBXFileReference; lastKnownFileType = sourcecode.swift; path = SceneDelegate.swift; sourceTree = "<group>"; };
		8841763C236E0CA30081EDC5 /* Assets.xcassets */ = {isa = PBXFileReference; lastKnownFileType = folder.assetcatalog; path = Assets.xcassets; sourceTree = "<group>"; };
		8841763F236E0CA30081EDC5 /* Base */ = {isa = PBXFileReference; lastKnownFileType = file.storyboard; name = Base; path = Base.lproj/LaunchScreen.storyboard; sourceTree = "<group>"; };
		88417641236E0CA30081EDC5 /* Info.plist */ = {isa = PBXFileReference; lastKnownFileType = text.plist.xml; path = Info.plist; sourceTree = "<group>"; };
		88417646236E0CA30081EDC5 /* RecipePuppyTests.xctest */ = {isa = PBXFileReference; explicitFileType = wrapper.cfbundle; includeInIndex = 0; path = RecipePuppyTests.xctest; sourceTree = BUILT_PRODUCTS_DIR; };
		8841764C236E0CA30081EDC5 /* Info.plist */ = {isa = PBXFileReference; lastKnownFileType = text.plist.xml; path = Info.plist; sourceTree = "<group>"; };
		8848000C23704A3A0015F044 /* DetailViewController.swift */ = {isa = PBXFileReference; lastKnownFileType = sourcecode.swift; path = DetailViewController.swift; sourceTree = "<group>"; };
		8848000F23704AB80015F044 /* DetailViewController.xib */ = {isa = PBXFileReference; fileEncoding = 4; lastKnownFileType = file.xib; path = DetailViewController.xib; sourceTree = "<group>"; };
		8848001223704DC60015F044 /* DetailViewModel.swift */ = {isa = PBXFileReference; lastKnownFileType = sourcecode.swift; path = DetailViewModel.swift; sourceTree = "<group>"; };
		8848001523709C840015F044 /* WindowTestCase.swift */ = {isa = PBXFileReference; lastKnownFileType = sourcecode.swift; path = WindowTestCase.swift; sourceTree = "<group>"; };
		884800172371D8460015F044 /* XCTest+UIAlertController.swift */ = {isa = PBXFileReference; lastKnownFileType = sourcecode.swift; path = "XCTest+UIAlertController.swift"; sourceTree = "<group>"; };
		884800192371D8D20015F044 /* AlertConfigurationBuilder.swift */ = {isa = PBXFileReference; lastKnownFileType = sourcecode.swift; path = AlertConfigurationBuilder.swift; sourceTree = "<group>"; };
		8848001E2371D9BC0015F044 /* RootCoordinatorTests.swift */ = {isa = PBXFileReference; lastKnownFileType = sourcecode.swift; path = RootCoordinatorTests.swift; sourceTree = "<group>"; };
		884800232371DB700015F044 /* MockServiceProvider.swift */ = {isa = PBXFileReference; lastKnownFileType = sourcecode.swift; path = MockServiceProvider.swift; sourceTree = "<group>"; };
		884800252371DFDA0015F044 /* UIAlert+Configuration.swift */ = {isa = PBXFileReference; lastKnownFileType = sourcecode.swift; path = "UIAlert+Configuration.swift"; sourceTree = "<group>"; };
		884800282371E47E0015F044 /* SearchViewModelTests.swift */ = {isa = PBXFileReference; lastKnownFileType = sourcecode.swift; path = SearchViewModelTests.swift; sourceTree = "<group>"; };
		8848002A2372BBB80015F044 /* MockGetRecipesUseCase.swift */ = {isa = PBXFileReference; lastKnownFileType = sourcecode.swift; path = MockGetRecipesUseCase.swift; sourceTree = "<group>"; };
		8848002C2372BC780015F044 /* MockServiceError.swift */ = {isa = PBXFileReference; lastKnownFileType = sourcecode.swift; path = MockServiceError.swift; sourceTree = "<group>"; };
		8848002E2372BDF40015F044 /* MockConstant.swift */ = {isa = PBXFileReference; lastKnownFileType = sourcecode.swift; path = MockConstant.swift; sourceTree = "<group>"; };
		884800302372C5BB0015F044 /* TestError.swift */ = {isa = PBXFileReference; lastKnownFileType = sourcecode.swift; path = TestError.swift; sourceTree = "<group>"; };
		884800322372CCE30015F044 /* RecipeCellViewModelTests.swift */ = {isa = PBXFileReference; lastKnownFileType = sourcecode.swift; path = RecipeCellViewModelTests.swift; sourceTree = "<group>"; };
		884800342372CE760015F044 /* DetailViewModelTests.swift */ = {isa = PBXFileReference; lastKnownFileType = sourcecode.swift; path = DetailViewModelTests.swift; sourceTree = "<group>"; };
		8848FFE9236F2E290015F044 /* AlertControllerDisplayable.swift */ = {isa = PBXFileReference; lastKnownFileType = sourcecode.swift; path = AlertControllerDisplayable.swift; sourceTree = "<group>"; };
		8848FFEB236F371E0015F044 /* Collection+Safe.swift */ = {isa = PBXFileReference; lastKnownFileType = sourcecode.swift; path = "Collection+Safe.swift"; sourceTree = "<group>"; };
		8848FFED236F3C950015F044 /* EmptyStateViewController.swift */ = {isa = PBXFileReference; fileEncoding = 4; lastKnownFileType = sourcecode.swift; path = EmptyStateViewController.swift; sourceTree = "<group>"; };
		8848FFEF236F3CC10015F044 /* EmptyStateViewController.xib */ = {isa = PBXFileReference; fileEncoding = 4; lastKnownFileType = file.xib; path = EmptyStateViewController.xib; sourceTree = "<group>"; };
		8848FFF1236F3E860015F044 /* UIViewController+Child.swift */ = {isa = PBXFileReference; lastKnownFileType = sourcecode.swift; path = "UIViewController+Child.swift"; sourceTree = "<group>"; };
		8848FFF3236F3ECB0015F044 /* UIView+AutoLayoutHelpers.swift */ = {isa = PBXFileReference; lastKnownFileType = sourcecode.swift; path = "UIView+AutoLayoutHelpers.swift"; sourceTree = "<group>"; };
		8848FFF5236F42750015F044 /* Collection+SafeTests.swift */ = {isa = PBXFileReference; lastKnownFileType = sourcecode.swift; path = "Collection+SafeTests.swift"; sourceTree = "<group>"; };
		8848FFF8236F44890015F044 /* AlertConfiguration.swift */ = {isa = PBXFileReference; lastKnownFileType = sourcecode.swift; path = AlertConfiguration.swift; sourceTree = "<group>"; };
		8848FFFA236F469C0015F044 /* AlertConfiguration+Extension.swift */ = {isa = PBXFileReference; lastKnownFileType = sourcecode.swift; path = "AlertConfiguration+Extension.swift"; sourceTree = "<group>"; };
		8848FFFC236F778A0015F044 /* EdgeInsetsLabel.swift */ = {isa = PBXFileReference; lastKnownFileType = sourcecode.swift; path = EdgeInsetsLabel.swift; sourceTree = "<group>"; };
		8848FFFE236F77BE0015F044 /* UILabel+Rotation.swift */ = {isa = PBXFileReference; lastKnownFileType = sourcecode.swift; path = "UILabel+Rotation.swift"; sourceTree = "<group>"; };
		88FD8A59236E0DE5003A7FE2 /* RecipesRepository.swift */ = {isa = PBXFileReference; lastKnownFileType = sourcecode.swift; path = RecipesRepository.swift; sourceTree = "<group>"; };
		88FD8A5A236E0DE5003A7FE2 /* RecipesRepositoryProviding.swift */ = {isa = PBXFileReference; lastKnownFileType = sourcecode.swift; path = RecipesRepositoryProviding.swift; sourceTree = "<group>"; };
		88FD8A5C236E0DE6003A7FE2 /* RecipeCell.swift */ = {isa = PBXFileReference; lastKnownFileType = sourcecode.swift; path = RecipeCell.swift; sourceTree = "<group>"; };
		88FD8A5F236E0DE6003A7FE2 /* SearchViewController.xib */ = {isa = PBXFileReference; fileEncoding = 4; lastKnownFileType = file.xib; path = SearchViewController.xib; sourceTree = "<group>"; };
		88FD8A61236E0DE6003A7FE2 /* SearchViewModel.swift */ = {isa = PBXFileReference; lastKnownFileType = sourcecode.swift; path = SearchViewModel.swift; sourceTree = "<group>"; };
		88FD8A63236E0DE6003A7FE2 /* SearchViewController.swift */ = {isa = PBXFileReference; lastKnownFileType = sourcecode.swift; path = SearchViewController.swift; sourceTree = "<group>"; };
		88FD8A65236E0DE6003A7FE2 /* GetRecipesWithIngredients.swift */ = {isa = PBXFileReference; lastKnownFileType = sourcecode.swift; path = GetRecipesWithIngredients.swift; sourceTree = "<group>"; };
		88FD8A68236E0DE6003A7FE2 /* Coordinator.swift */ = {isa = PBXFileReference; lastKnownFileType = sourcecode.swift; path = Coordinator.swift; sourceTree = "<group>"; };
		88FD8A69236E0DE6003A7FE2 /* RouteMediating.swift */ = {isa = PBXFileReference; lastKnownFileType = sourcecode.swift; path = RouteMediating.swift; sourceTree = "<group>"; };
		88FD8A6B236E0DE6003A7FE2 /* AppCoordinator.swift */ = {isa = PBXFileReference; lastKnownFileType = sourcecode.swift; path = AppCoordinator.swift; sourceTree = "<group>"; };
		88FD8A6C236E0DE6003A7FE2 /* DependencyProvider.swift */ = {isa = PBXFileReference; lastKnownFileType = sourcecode.swift; path = DependencyProvider.swift; sourceTree = "<group>"; };
		88FD8A6D236E0DE6003A7FE2 /* RepositoryProvider.swift */ = {isa = PBXFileReference; lastKnownFileType = sourcecode.swift; path = RepositoryProvider.swift; sourceTree = "<group>"; };
		88FD8A6F236E0DE6003A7FE2 /* RootCoordinator.swift */ = {isa = PBXFileReference; lastKnownFileType = sourcecode.swift; path = RootCoordinator.swift; sourceTree = "<group>"; };
		88FD8A7F236E0E77003A7FE2 /* Main.storyboard */ = {isa = PBXFileReference; lastKnownFileType = file.storyboard; path = Main.storyboard; sourceTree = "<group>"; };
		88FD8A82236E0FA7003A7FE2 /* Models.framework */ = {isa = PBXFileReference; explicitFileType = wrapper.framework; path = Models.framework; sourceTree = BUILT_PRODUCTS_DIR; };
		88FD8A86236E0FAB003A7FE2 /* RecipePuppyKit.framework */ = {isa = PBXFileReference; explicitFileType = wrapper.framework; path = RecipePuppyKit.framework; sourceTree = BUILT_PRODUCTS_DIR; };
		88FD8A89236E10E8003A7FE2 /* RecipeCellViewModel.swift */ = {isa = PBXFileReference; lastKnownFileType = sourcecode.swift; path = RecipeCellViewModel.swift; sourceTree = "<group>"; };
/* End PBXFileReference section */

/* Begin PBXFrameworksBuildPhase section */
		8841762D236E0CA20081EDC5 /* Frameworks */ = {
			isa = PBXFrameworksBuildPhase;
			buildActionMask = 2147483647;
			files = (
				8848000823701B450015F044 /* SDWebImage in Frameworks */,
				88FD8A87236E0FAB003A7FE2 /* RecipePuppyKit.framework in Frameworks */,
				88FD8A83236E0FA7003A7FE2 /* Models.framework in Frameworks */,
			);
			runOnlyForDeploymentPostprocessing = 0;
		};
		88417643236E0CA30081EDC5 /* Frameworks */ = {
			isa = PBXFrameworksBuildPhase;
			buildActionMask = 2147483647;
			files = (
				8848001C2371D9420015F044 /* SDWebImage in Frameworks */,
			);
			runOnlyForDeploymentPostprocessing = 0;
		};
/* End PBXFrameworksBuildPhase section */

/* Begin PBXGroup section */
		88417627236E0CA20081EDC5 = {
			isa = PBXGroup;
			children = (
				88417632236E0CA20081EDC5 /* RecipePuppy */,
				88417649236E0CA30081EDC5 /* RecipePuppyTests */,
				88417631236E0CA20081EDC5 /* Products */,
				88FD8A81236E0FA7003A7FE2 /* Frameworks */,
			);
			sourceTree = "<group>";
		};
		88417631236E0CA20081EDC5 /* Products */ = {
			isa = PBXGroup;
			children = (
				88417630236E0CA20081EDC5 /* RecipePuppy.app */,
				88417646236E0CA30081EDC5 /* RecipePuppyTests.xctest */,
			);
			name = Products;
			sourceTree = "<group>";
		};
		88417632236E0CA20081EDC5 /* RecipePuppy */ = {
			isa = PBXGroup;
			children = (
				8848FFF7236F44750015F044 /* Models */,
				8848FFE8236F2E100015F044 /* Extensions */,
				88FD8A6A236E0DE6003A7FE2 /* Coordinators */,
				88FD8A70236E0DE6003A7FE2 /* Root */,
				88FD8A6E236E0DE6003A7FE2 /* App */,
				8848000A237049FC0015F044 /* Detail */,
				88FD8A67236E0DE6003A7FE2 /* SearchRecipes */,
				88FD8A5B236E0DE5003A7FE2 /* Repositories */,
				88417633236E0CA20081EDC5 /* AppDelegate.swift */,
				88417635236E0CA20081EDC5 /* SceneDelegate.swift */,
				88FD8A7F236E0E77003A7FE2 /* Main.storyboard */,
				8841763C236E0CA30081EDC5 /* Assets.xcassets */,
				8841763E236E0CA30081EDC5 /* LaunchScreen.storyboard */,
				88417641236E0CA30081EDC5 /* Info.plist */,
			);
			path = RecipePuppy;
			sourceTree = "<group>";
		};
		88417649236E0CA30081EDC5 /* RecipePuppyTests */ = {
			isa = PBXGroup;
			children = (
				884800272371E4650015F044 /* ViewModels */,
				884800202371DA2A0015F044 /* Mocks */,
				8848001D2371D97F0015F044 /* Coordinators */,
				8848001423709C6B0015F044 /* TestHelpers */,
				8841764C236E0CA30081EDC5 /* Info.plist */,
				8848FFF5236F42750015F044 /* Collection+SafeTests.swift */,
			);
			path = RecipePuppyTests;
			sourceTree = "<group>";
		};
		8848000A237049FC0015F044 /* Detail */ = {
			isa = PBXGroup;
			children = (
				8848001123704D6A0015F044 /* View Models */,
				8848000E23704A520015F044 /* Views */,
				8848000B23704A2A0015F044 /* Controllers */,
			);
			path = Detail;
			sourceTree = "<group>";
		};
		8848000B23704A2A0015F044 /* Controllers */ = {
			isa = PBXGroup;
			children = (
				8848000C23704A3A0015F044 /* DetailViewController.swift */,
			);
			path = Controllers;
			sourceTree = "<group>";
		};
		8848000E23704A520015F044 /* Views */ = {
			isa = PBXGroup;
			children = (
				8848000F23704AB80015F044 /* DetailViewController.xib */,
			);
			path = Views;
			sourceTree = "<group>";
		};
		8848001123704D6A0015F044 /* View Models */ = {
			isa = PBXGroup;
			children = (
				8848001223704DC60015F044 /* DetailViewModel.swift */,
			);
			path = "View Models";
			sourceTree = "<group>";
		};
		8848001423709C6B0015F044 /* TestHelpers */ = {
			isa = PBXGroup;
			children = (
				884800192371D8D20015F044 /* AlertConfigurationBuilder.swift */,
				8848001523709C840015F044 /* WindowTestCase.swift */,
				884800172371D8460015F044 /* XCTest+UIAlertController.swift */,
				884800252371DFDA0015F044 /* UIAlert+Configuration.swift */,
				8848002C2372BC780015F044 /* MockServiceError.swift */,
				884800302372C5BB0015F044 /* TestError.swift */,
			);
			path = TestHelpers;
			sourceTree = "<group>";
		};
		8848001D2371D97F0015F044 /* Coordinators */ = {
			isa = PBXGroup;
			children = (
				8848001E2371D9BC0015F044 /* RootCoordinatorTests.swift */,
			);
			path = Coordinators;
			sourceTree = "<group>";
		};
		884800202371DA2A0015F044 /* Mocks */ = {
			isa = PBXGroup;
			children = (
				884800232371DB700015F044 /* MockServiceProvider.swift */,
				8848002A2372BBB80015F044 /* MockGetRecipesUseCase.swift */,
				8848002E2372BDF40015F044 /* MockConstant.swift */,
			);
			path = Mocks;
			sourceTree = "<group>";
		};
		884800272371E4650015F044 /* ViewModels */ = {
			isa = PBXGroup;
			children = (
				884800282371E47E0015F044 /* SearchViewModelTests.swift */,
				884800322372CCE30015F044 /* RecipeCellViewModelTests.swift */,
				884800342372CE760015F044 /* DetailViewModelTests.swift */,
			);
			path = ViewModels;
			sourceTree = "<group>";
		};
		8848FFE8236F2E100015F044 /* Extensions */ = {
			isa = PBXGroup;
			children = (
				8848FFE9236F2E290015F044 /* AlertControllerDisplayable.swift */,
				8848FFEB236F371E0015F044 /* Collection+Safe.swift */,
				8848FFF1236F3E860015F044 /* UIViewController+Child.swift */,
				8848FFF3236F3ECB0015F044 /* UIView+AutoLayoutHelpers.swift */,
				8848FFFA236F469C0015F044 /* AlertConfiguration+Extension.swift */,
				8848FFFE236F77BE0015F044 /* UILabel+Rotation.swift */,
			);
			path = Extensions;
			sourceTree = "<group>";
		};
		8848FFF7236F44750015F044 /* Models */ = {
			isa = PBXGroup;
			children = (
				8848FFF8236F44890015F044 /* AlertConfiguration.swift */,
			);
			path = Models;
			sourceTree = "<group>";
		};
		88FD8A5B236E0DE5003A7FE2 /* Repositories */ = {
			isa = PBXGroup;
			children = (
				88FD8A59236E0DE5003A7FE2 /* RecipesRepository.swift */,
				88FD8A5A236E0DE5003A7FE2 /* RecipesRepositoryProviding.swift */,
			);
			path = Repositories;
			sourceTree = "<group>";
		};
		88FD8A5E236E0DE6003A7FE2 /* Cells */ = {
			isa = PBXGroup;
			children = (
				88FD8A5C236E0DE6003A7FE2 /* RecipeCell.swift */,
			);
			path = Cells;
			sourceTree = "<group>";
		};
		88FD8A60236E0DE6003A7FE2 /* Views */ = {
			isa = PBXGroup;
			children = (
				88FD8A5E236E0DE6003A7FE2 /* Cells */,
				8848FFEF236F3CC10015F044 /* EmptyStateViewController.xib */,
				88FD8A5F236E0DE6003A7FE2 /* SearchViewController.xib */,
				8848FFFC236F778A0015F044 /* EdgeInsetsLabel.swift */,
			);
			path = Views;
			sourceTree = "<group>";
		};
		88FD8A62236E0DE6003A7FE2 /* ViewModels */ = {
			isa = PBXGroup;
			children = (
				88FD8A61236E0DE6003A7FE2 /* SearchViewModel.swift */,
				88FD8A89236E10E8003A7FE2 /* RecipeCellViewModel.swift */,
			);
			path = ViewModels;
			sourceTree = "<group>";
		};
		88FD8A64236E0DE6003A7FE2 /* ViewControllers */ = {
			isa = PBXGroup;
			children = (
				88FD8A63236E0DE6003A7FE2 /* SearchViewController.swift */,
				8848FFED236F3C950015F044 /* EmptyStateViewController.swift */,
			);
			path = ViewControllers;
			sourceTree = "<group>";
		};
		88FD8A66236E0DE6003A7FE2 /* UseCases */ = {
			isa = PBXGroup;
			children = (
				88FD8A65236E0DE6003A7FE2 /* GetRecipesWithIngredients.swift */,
			);
			path = UseCases;
			sourceTree = "<group>";
		};
		88FD8A67236E0DE6003A7FE2 /* SearchRecipes */ = {
			isa = PBXGroup;
			children = (
				88FD8A60236E0DE6003A7FE2 /* Views */,
				88FD8A62236E0DE6003A7FE2 /* ViewModels */,
				88FD8A64236E0DE6003A7FE2 /* ViewControllers */,
				88FD8A66236E0DE6003A7FE2 /* UseCases */,
			);
			path = SearchRecipes;
			sourceTree = "<group>";
		};
		88FD8A6A236E0DE6003A7FE2 /* Coordinators */ = {
			isa = PBXGroup;
			children = (
				88FD8A68236E0DE6003A7FE2 /* Coordinator.swift */,
				88FD8A69236E0DE6003A7FE2 /* RouteMediating.swift */,
			);
			path = Coordinators;
			sourceTree = "<group>";
		};
		88FD8A6E236E0DE6003A7FE2 /* App */ = {
			isa = PBXGroup;
			children = (
				88FD8A6B236E0DE6003A7FE2 /* AppCoordinator.swift */,
				88FD8A6C236E0DE6003A7FE2 /* DependencyProvider.swift */,
				88FD8A6D236E0DE6003A7FE2 /* RepositoryProvider.swift */,
			);
			path = App;
			sourceTree = "<group>";
		};
		88FD8A70236E0DE6003A7FE2 /* Root */ = {
			isa = PBXGroup;
			children = (
				88FD8A6F236E0DE6003A7FE2 /* RootCoordinator.swift */,
			);
			path = Root;
			sourceTree = "<group>";
		};
		88FD8A81236E0FA7003A7FE2 /* Frameworks */ = {
			isa = PBXGroup;
			children = (
				88FD8A86236E0FAB003A7FE2 /* RecipePuppyKit.framework */,
				88FD8A82236E0FA7003A7FE2 /* Models.framework */,
			);
			name = Frameworks;
			sourceTree = "<group>";
		};
/* End PBXGroup section */

/* Begin PBXNativeTarget section */
		8841762F236E0CA20081EDC5 /* RecipePuppy */ = {
			isa = PBXNativeTarget;
			buildConfigurationList = 8841764F236E0CA30081EDC5 /* Build configuration list for PBXNativeTarget "RecipePuppy" */;
			buildPhases = (
				8841762C236E0CA20081EDC5 /* Sources */,
				8841762D236E0CA20081EDC5 /* Frameworks */,
				8841762E236E0CA20081EDC5 /* Resources */,
				88FD8A85236E0FA7003A7FE2 /* Embed Frameworks */,
			);
			buildRules = (
			);
			dependencies = (
			);
			name = RecipePuppy;
			packageProductDependencies = (
				8848000723701B450015F044 /* SDWebImage */,
			);
			productName = RecipePuppy;
			productReference = 88417630236E0CA20081EDC5 /* RecipePuppy.app */;
			productType = "com.apple.product-type.application";
		};
		88417645236E0CA30081EDC5 /* RecipePuppyTests */ = {
			isa = PBXNativeTarget;
			buildConfigurationList = 88417652236E0CA30081EDC5 /* Build configuration list for PBXNativeTarget "RecipePuppyTests" */;
			buildPhases = (
				88417642236E0CA30081EDC5 /* Sources */,
				88417643236E0CA30081EDC5 /* Frameworks */,
				88417644236E0CA30081EDC5 /* Resources */,
			);
			buildRules = (
			);
			dependencies = (
				88417648236E0CA30081EDC5 /* PBXTargetDependency */,
			);
			name = RecipePuppyTests;
			packageProductDependencies = (
				8848001B2371D9420015F044 /* SDWebImage */,
			);
			productName = RecipePuppyTests;
			productReference = 88417646236E0CA30081EDC5 /* RecipePuppyTests.xctest */;
			productType = "com.apple.product-type.bundle.unit-test";
		};
/* End PBXNativeTarget section */

/* Begin PBXProject section */
		88417628236E0CA20081EDC5 /* Project object */ = {
			isa = PBXProject;
			attributes = {
				LastSwiftUpdateCheck = 1100;
				LastUpgradeCheck = 1100;
				ORGANIZATIONNAME = badi;
				TargetAttributes = {
					8841762F236E0CA20081EDC5 = {
						CreatedOnToolsVersion = 11.0;
					};
					88417645236E0CA30081EDC5 = {
						CreatedOnToolsVersion = 11.0;
						TestTargetID = 8841762F236E0CA20081EDC5;
					};
				};
			};
			buildConfigurationList = 8841762B236E0CA20081EDC5 /* Build configuration list for PBXProject "RecipePuppy" */;
			compatibilityVersion = "Xcode 9.3";
			developmentRegion = en;
			hasScannedForEncodings = 0;
			knownRegions = (
				en,
				Base,
			);
			mainGroup = 88417627236E0CA20081EDC5;
			packageReferences = (
				8848000623701B450015F044 /* XCRemoteSwiftPackageReference "SDWebImage" */,
			);
			productRefGroup = 88417631236E0CA20081EDC5 /* Products */;
			projectDirPath = "";
			projectRoot = "";
			targets = (
				8841762F236E0CA20081EDC5 /* RecipePuppy */,
				88417645236E0CA30081EDC5 /* RecipePuppyTests */,
			);
		};
/* End PBXProject section */

/* Begin PBXResourcesBuildPhase section */
		8841762E236E0CA20081EDC5 /* Resources */ = {
			isa = PBXResourcesBuildPhase;
			buildActionMask = 2147483647;
			files = (
				8848FFF0236F3CC10015F044 /* EmptyStateViewController.xib in Resources */,
				8848001023704AB80015F044 /* DetailViewController.xib in Resources */,
				88417640236E0CA30081EDC5 /* LaunchScreen.storyboard in Resources */,
				88FD8A80236E0E87003A7FE2 /* Main.storyboard in Resources */,
				8841763D236E0CA30081EDC5 /* Assets.xcassets in Resources */,
				88FD8A78236E0E2E003A7FE2 /* SearchViewController.xib in Resources */,
			);
			runOnlyForDeploymentPostprocessing = 0;
		};
		88417644236E0CA30081EDC5 /* Resources */ = {
			isa = PBXResourcesBuildPhase;
			buildActionMask = 2147483647;
			files = (
			);
			runOnlyForDeploymentPostprocessing = 0;
		};
/* End PBXResourcesBuildPhase section */

/* Begin PBXSourcesBuildPhase section */
		8841762C236E0CA20081EDC5 /* Sources */ = {
			isa = PBXSourcesBuildPhase;
			buildActionMask = 2147483647;
			files = (
				8848FFF9236F44890015F044 /* AlertConfiguration.swift in Sources */,
				88FD8A79236E0E33003A7FE2 /* SearchViewModel.swift in Sources */,
				8848000D23704A3A0015F044 /* DetailViewController.swift in Sources */,
				8848FFEC236F371E0015F044 /* Collection+Safe.swift in Sources */,
				8848FFFB236F469C0015F044 /* AlertConfiguration+Extension.swift in Sources */,
				88FD8A72236E0E00003A7FE2 /* RouteMediating.swift in Sources */,
				8848FFEA236F2E290015F044 /* AlertControllerDisplayable.swift in Sources */,
				88FD8A71236E0DFD003A7FE2 /* Coordinator.swift in Sources */,
				88417634236E0CA20081EDC5 /* AppDelegate.swift in Sources */,
				8848001323704DC60015F044 /* DetailViewModel.swift in Sources */,
				88FD8A73236E0E05003A7FE2 /* RootCoordinator.swift in Sources */,
				8848FFF4236F3ECB0015F044 /* UIView+AutoLayoutHelpers.swift in Sources */,
				8848FFFF236F77BE0015F044 /* UILabel+Rotation.swift in Sources */,
				88FD8A7A236E0E36003A7FE2 /* SearchViewController.swift in Sources */,
				88FD8A7D236E0E41003A7FE2 /* RecipesRepositoryProviding.swift in Sources */,
				88FD8A8A236E10E8003A7FE2 /* RecipeCellViewModel.swift in Sources */,
				88FD8A77236E0E25003A7FE2 /* RecipeCell.swift in Sources */,
				88FD8A76236E0E17003A7FE2 /* RepositoryProvider.swift in Sources */,
				88FD8A75236E0E17003A7FE2 /* DependencyProvider.swift in Sources */,
				8848FFF2236F3E860015F044 /* UIViewController+Child.swift in Sources */,
				8848FFFD236F778A0015F044 /* EdgeInsetsLabel.swift in Sources */,
				88417636236E0CA20081EDC5 /* SceneDelegate.swift in Sources */,
				88FD8A7C236E0E3E003A7FE2 /* RecipesRepository.swift in Sources */,
				88FD8A74236E0E13003A7FE2 /* AppCoordinator.swift in Sources */,
				8848FFEE236F3C950015F044 /* EmptyStateViewController.swift in Sources */,
				88FD8A7B236E0E3B003A7FE2 /* GetRecipesWithIngredients.swift in Sources */,
			);
			runOnlyForDeploymentPostprocessing = 0;
		};
		88417642236E0CA30081EDC5 /* Sources */ = {
			isa = PBXSourcesBuildPhase;
			buildActionMask = 2147483647;
			files = (
				884800262371DFDA0015F044 /* UIAlert+Configuration.swift in Sources */,
				8848002F2372BDF40015F044 /* MockConstant.swift in Sources */,
				884800332372CCE30015F044 /* RecipeCellViewModelTests.swift in Sources */,
				8848001623709C840015F044 /* WindowTestCase.swift in Sources */,
				884800242371DB700015F044 /* MockServiceProvider.swift in Sources */,
				8848FFF6236F42750015F044 /* Collection+SafeTests.swift in Sources */,
				884800182371D8460015F044 /* XCTest+UIAlertController.swift in Sources */,
				884800312372C5BB0015F044 /* TestError.swift in Sources */,
				8848002B2372BBB80015F044 /* MockGetRecipesUseCase.swift in Sources */,
				8848001F2371D9BC0015F044 /* RootCoordinatorTests.swift in Sources */,
				8848001A2371D8D20015F044 /* AlertConfigurationBuilder.swift in Sources */,
				884800292371E47E0015F044 /* SearchViewModelTests.swift in Sources */,
				8848002D2372BC780015F044 /* MockServiceError.swift in Sources */,
				884800352372CE760015F044 /* DetailViewModelTests.swift in Sources */,
			);
			runOnlyForDeploymentPostprocessing = 0;
		};
/* End PBXSourcesBuildPhase section */

/* Begin PBXTargetDependency section */
		88417648236E0CA30081EDC5 /* PBXTargetDependency */ = {
			isa = PBXTargetDependency;
			target = 8841762F236E0CA20081EDC5 /* RecipePuppy */;
			targetProxy = 88417647236E0CA30081EDC5 /* PBXContainerItemProxy */;
		};
/* End PBXTargetDependency section */

/* Begin PBXVariantGroup section */
		8841763E236E0CA30081EDC5 /* LaunchScreen.storyboard */ = {
			isa = PBXVariantGroup;
			children = (
				8841763F236E0CA30081EDC5 /* Base */,
			);
			name = LaunchScreen.storyboard;
			sourceTree = "<group>";
		};
/* End PBXVariantGroup section */

/* Begin XCBuildConfiguration section */
		8841764D236E0CA30081EDC5 /* Debug */ = {
			isa = XCBuildConfiguration;
			buildSettings = {
				ALWAYS_SEARCH_USER_PATHS = NO;
				CLANG_ANALYZER_NONNULL = YES;
				CLANG_ANALYZER_NUMBER_OBJECT_CONVERSION = YES_AGGRESSIVE;
				CLANG_CXX_LANGUAGE_STANDARD = "gnu++14";
				CLANG_CXX_LIBRARY = "libc++";
				CLANG_ENABLE_MODULES = YES;
				CLANG_ENABLE_OBJC_ARC = YES;
				CLANG_ENABLE_OBJC_WEAK = YES;
				CLANG_WARN_BLOCK_CAPTURE_AUTORELEASING = YES;
				CLANG_WARN_BOOL_CONVERSION = YES;
				CLANG_WARN_COMMA = YES;
				CLANG_WARN_CONSTANT_CONVERSION = YES;
				CLANG_WARN_DEPRECATED_OBJC_IMPLEMENTATIONS = YES;
				CLANG_WARN_DIRECT_OBJC_ISA_USAGE = YES_ERROR;
				CLANG_WARN_DOCUMENTATION_COMMENTS = YES;
				CLANG_WARN_EMPTY_BODY = YES;
				CLANG_WARN_ENUM_CONVERSION = YES;
				CLANG_WARN_INFINITE_RECURSION = YES;
				CLANG_WARN_INT_CONVERSION = YES;
				CLANG_WARN_NON_LITERAL_NULL_CONVERSION = YES;
				CLANG_WARN_OBJC_IMPLICIT_RETAIN_SELF = YES;
				CLANG_WARN_OBJC_LITERAL_CONVERSION = YES;
				CLANG_WARN_OBJC_ROOT_CLASS = YES_ERROR;
				CLANG_WARN_RANGE_LOOP_ANALYSIS = YES;
				CLANG_WARN_STRICT_PROTOTYPES = YES;
				CLANG_WARN_SUSPICIOUS_MOVE = YES;
				CLANG_WARN_UNGUARDED_AVAILABILITY = YES_AGGRESSIVE;
				CLANG_WARN_UNREACHABLE_CODE = YES;
				CLANG_WARN__DUPLICATE_METHOD_MATCH = YES;
				COPY_PHASE_STRIP = NO;
				DEBUG_INFORMATION_FORMAT = dwarf;
				ENABLE_STRICT_OBJC_MSGSEND = YES;
				ENABLE_TESTABILITY = YES;
				GCC_C_LANGUAGE_STANDARD = gnu11;
				GCC_DYNAMIC_NO_PIC = NO;
				GCC_NO_COMMON_BLOCKS = YES;
				GCC_OPTIMIZATION_LEVEL = 0;
				GCC_PREPROCESSOR_DEFINITIONS = (
					"DEBUG=1",
					"$(inherited)",
				);
				GCC_WARN_64_TO_32_BIT_CONVERSION = YES;
				GCC_WARN_ABOUT_RETURN_TYPE = YES_ERROR;
				GCC_WARN_UNDECLARED_SELECTOR = YES;
				GCC_WARN_UNINITIALIZED_AUTOS = YES_AGGRESSIVE;
				GCC_WARN_UNUSED_FUNCTION = YES;
				GCC_WARN_UNUSED_VARIABLE = YES;
				IPHONEOS_DEPLOYMENT_TARGET = 13.0;
				MTL_ENABLE_DEBUG_INFO = INCLUDE_SOURCE;
				MTL_FAST_MATH = YES;
				ONLY_ACTIVE_ARCH = YES;
				SDKROOT = iphoneos;
				SWIFT_ACTIVE_COMPILATION_CONDITIONS = DEBUG;
				SWIFT_OPTIMIZATION_LEVEL = "-Onone";
			};
			name = Debug;
		};
		8841764E236E0CA30081EDC5 /* Release */ = {
			isa = XCBuildConfiguration;
			buildSettings = {
				ALWAYS_SEARCH_USER_PATHS = NO;
				CLANG_ANALYZER_NONNULL = YES;
				CLANG_ANALYZER_NUMBER_OBJECT_CONVERSION = YES_AGGRESSIVE;
				CLANG_CXX_LANGUAGE_STANDARD = "gnu++14";
				CLANG_CXX_LIBRARY = "libc++";
				CLANG_ENABLE_MODULES = YES;
				CLANG_ENABLE_OBJC_ARC = YES;
				CLANG_ENABLE_OBJC_WEAK = YES;
				CLANG_WARN_BLOCK_CAPTURE_AUTORELEASING = YES;
				CLANG_WARN_BOOL_CONVERSION = YES;
				CLANG_WARN_COMMA = YES;
				CLANG_WARN_CONSTANT_CONVERSION = YES;
				CLANG_WARN_DEPRECATED_OBJC_IMPLEMENTATIONS = YES;
				CLANG_WARN_DIRECT_OBJC_ISA_USAGE = YES_ERROR;
				CLANG_WARN_DOCUMENTATION_COMMENTS = YES;
				CLANG_WARN_EMPTY_BODY = YES;
				CLANG_WARN_ENUM_CONVERSION = YES;
				CLANG_WARN_INFINITE_RECURSION = YES;
				CLANG_WARN_INT_CONVERSION = YES;
				CLANG_WARN_NON_LITERAL_NULL_CONVERSION = YES;
				CLANG_WARN_OBJC_IMPLICIT_RETAIN_SELF = YES;
				CLANG_WARN_OBJC_LITERAL_CONVERSION = YES;
				CLANG_WARN_OBJC_ROOT_CLASS = YES_ERROR;
				CLANG_WARN_RANGE_LOOP_ANALYSIS = YES;
				CLANG_WARN_STRICT_PROTOTYPES = YES;
				CLANG_WARN_SUSPICIOUS_MOVE = YES;
				CLANG_WARN_UNGUARDED_AVAILABILITY = YES_AGGRESSIVE;
				CLANG_WARN_UNREACHABLE_CODE = YES;
				CLANG_WARN__DUPLICATE_METHOD_MATCH = YES;
				COPY_PHASE_STRIP = NO;
				DEBUG_INFORMATION_FORMAT = "dwarf-with-dsym";
				ENABLE_NS_ASSERTIONS = NO;
				ENABLE_STRICT_OBJC_MSGSEND = YES;
				GCC_C_LANGUAGE_STANDARD = gnu11;
				GCC_NO_COMMON_BLOCKS = YES;
				GCC_WARN_64_TO_32_BIT_CONVERSION = YES;
				GCC_WARN_ABOUT_RETURN_TYPE = YES_ERROR;
				GCC_WARN_UNDECLARED_SELECTOR = YES;
				GCC_WARN_UNINITIALIZED_AUTOS = YES_AGGRESSIVE;
				GCC_WARN_UNUSED_FUNCTION = YES;
				GCC_WARN_UNUSED_VARIABLE = YES;
				IPHONEOS_DEPLOYMENT_TARGET = 13.0;
				MTL_ENABLE_DEBUG_INFO = NO;
				MTL_FAST_MATH = YES;
				SDKROOT = iphoneos;
				SWIFT_COMPILATION_MODE = wholemodule;
				SWIFT_OPTIMIZATION_LEVEL = "-O";
				VALIDATE_PRODUCT = YES;
			};
			name = Release;
		};
		88417650236E0CA30081EDC5 /* Debug */ = {
			isa = XCBuildConfiguration;
			buildSettings = {
				ASSETCATALOG_COMPILER_APPICON_NAME = AppIcon;
				CODE_SIGN_STYLE = Automatic;
				DEVELOPMENT_TEAM = PL4DM2BH2S;
				INFOPLIST_FILE = RecipePuppy/Info.plist;
				LD_RUNPATH_SEARCH_PATHS = (
					"$(inherited)",
					"@executable_path/Frameworks",
				);
				PRODUCT_BUNDLE_IDENTIFIER = badi.RecipePuppy;
				PRODUCT_NAME = "$(TARGET_NAME)";
				SWIFT_VERSION = 5.0;
				TARGETED_DEVICE_FAMILY = "1,2";
			};
			name = Debug;
		};
		88417651236E0CA30081EDC5 /* Release */ = {
			isa = XCBuildConfiguration;
			buildSettings = {
				ASSETCATALOG_COMPILER_APPICON_NAME = AppIcon;
				CODE_SIGN_STYLE = Automatic;
				DEVELOPMENT_TEAM = PL4DM2BH2S;
				INFOPLIST_FILE = RecipePuppy/Info.plist;
				LD_RUNPATH_SEARCH_PATHS = (
					"$(inherited)",
					"@executable_path/Frameworks",
				);
				PRODUCT_BUNDLE_IDENTIFIER = badi.RecipePuppy;
				PRODUCT_NAME = "$(TARGET_NAME)";
				SWIFT_VERSION = 5.0;
				TARGETED_DEVICE_FAMILY = "1,2";
			};
			name = Release;
		};
		88417653236E0CA30081EDC5 /* Debug */ = {
			isa = XCBuildConfiguration;
			buildSettings = {
				ALWAYS_EMBED_SWIFT_STANDARD_LIBRARIES = YES;
				BUNDLE_LOADER = "$(TEST_HOST)";
				CODE_SIGN_STYLE = Automatic;
				DEVELOPMENT_TEAM = PL4DM2BH2S;
				INFOPLIST_FILE = RecipePuppyTests/Info.plist;
				IPHONEOS_DEPLOYMENT_TARGET = 13.0;
				LD_RUNPATH_SEARCH_PATHS = (
					"$(inherited)",
					"@executable_path/Frameworks",
					"@loader_path/Frameworks",
				);
				PRODUCT_BUNDLE_IDENTIFIER = badi.RecipePuppyTests;
				PRODUCT_NAME = "$(TARGET_NAME)";
				SWIFT_VERSION = 5.0;
				TARGETED_DEVICE_FAMILY = "1,2";
				TEST_HOST = "$(BUILT_PRODUCTS_DIR)/RecipePuppy.app/RecipePuppy";
			};
			name = Debug;
		};
		88417654236E0CA30081EDC5 /* Release */ = {
			isa = XCBuildConfiguration;
			buildSettings = {
				ALWAYS_EMBED_SWIFT_STANDARD_LIBRARIES = YES;
				BUNDLE_LOADER = "$(TEST_HOST)";
				CODE_SIGN_STYLE = Automatic;
				DEVELOPMENT_TEAM = PL4DM2BH2S;
				INFOPLIST_FILE = RecipePuppyTests/Info.plist;
				IPHONEOS_DEPLOYMENT_TARGET = 13.0;
				LD_RUNPATH_SEARCH_PATHS = (
					"$(inherited)",
					"@executable_path/Frameworks",
					"@loader_path/Frameworks",
				);
				PRODUCT_BUNDLE_IDENTIFIER = badi.RecipePuppyTests;
				PRODUCT_NAME = "$(TARGET_NAME)";
				SWIFT_VERSION = 5.0;
				TARGETED_DEVICE_FAMILY = "1,2";
				TEST_HOST = "$(BUILT_PRODUCTS_DIR)/RecipePuppy.app/RecipePuppy";
			};
			name = Release;
		};
/* End XCBuildConfiguration section */

/* Begin XCConfigurationList section */
		8841762B236E0CA20081EDC5 /* Build configuration list for PBXProject "RecipePuppy" */ = {
			isa = XCConfigurationList;
			buildConfigurations = (
				8841764D236E0CA30081EDC5 /* Debug */,
				8841764E236E0CA30081EDC5 /* Release */,
			);
			defaultConfigurationIsVisible = 0;
			defaultConfigurationName = Release;
		};
		8841764F236E0CA30081EDC5 /* Build configuration list for PBXNativeTarget "RecipePuppy" */ = {
			isa = XCConfigurationList;
			buildConfigurations = (
				88417650236E0CA30081EDC5 /* Debug */,
				88417651236E0CA30081EDC5 /* Release */,
			);
			defaultConfigurationIsVisible = 0;
			defaultConfigurationName = Release;
		};
		88417652236E0CA30081EDC5 /* Build configuration list for PBXNativeTarget "RecipePuppyTests" */ = {
			isa = XCConfigurationList;
			buildConfigurations = (
				88417653236E0CA30081EDC5 /* Debug */,
				88417654236E0CA30081EDC5 /* Release */,
			);
			defaultConfigurationIsVisible = 0;
			defaultConfigurationName = Release;
		};
/* End XCConfigurationList section */

/* Begin XCRemoteSwiftPackageReference section */
		8848000623701B450015F044 /* XCRemoteSwiftPackageReference "SDWebImage" */ = {
			isa = XCRemoteSwiftPackageReference;
			repositoryURL = "https://github.com/SDWebImage/SDWebImage";
			requirement = {
				kind = upToNextMajorVersion;
				minimumVersion = 5.2.5;
			};
		};
/* End XCRemoteSwiftPackageReference section */

/* Begin XCSwiftPackageProductDependency section */
		8848000723701B450015F044 /* SDWebImage */ = {
			isa = XCSwiftPackageProductDependency;
			package = 8848000623701B450015F044 /* XCRemoteSwiftPackageReference "SDWebImage" */;
			productName = SDWebImage;
		};
		8848001B2371D9420015F044 /* SDWebImage */ = {
			isa = XCSwiftPackageProductDependency;
			package = 8848000623701B450015F044 /* XCRemoteSwiftPackageReference "SDWebImage" */;
			productName = SDWebImage;
		};
/* End XCSwiftPackageProductDependency section */
	};
	rootObject = 88417628236E0CA20081EDC5 /* Project object */;
}
