// !$*UTF8*$!
{
	archiveVersion = 1;
	classes = {
	};
	objectVersion = 50;
	objects = {

/* Begin PBXBuildFile section */
		88CD7226236AD39B00313E93 /* AppDelegate.swift in Sources */ = {isa = PBXBuildFile; fileRef = 88CD7225236AD39B00313E93 /* AppDelegate.swift */; };
		88CD7228236AD39B00313E93 /* SceneDelegate.swift in Sources */ = {isa = PBXBuildFile; fileRef = 88CD7227236AD39B00313E93 /* SceneDelegate.swift */; };
		88CD722A236AD39C00313E93 /* SearchViewController.swift in Sources */ = {isa = PBXBuildFile; fileRef = 88CD7229236AD39C00313E93 /* SearchViewController.swift */; };
		88CD722D236AD39C00313E93 /* Main.storyboard in Resources */ = {isa = PBXBuildFile; fileRef = 88CD722B236AD39C00313E93 /* Main.storyboard */; };
		88CD722F236AD39D00313E93 /* Assets.xcassets in Resources */ = {isa = PBXBuildFile; fileRef = 88CD722E236AD39D00313E93 /* Assets.xcassets */; };
		88CD7232236AD39D00313E93 /* LaunchScreen.storyboard in Resources */ = {isa = PBXBuildFile; fileRef = 88CD7230236AD39D00313E93 /* LaunchScreen.storyboard */; };
		88CD723D236AD39D00313E93 /* RecipesBookTests.swift in Sources */ = {isa = PBXBuildFile; fileRef = 88CD723C236AD39D00313E93 /* RecipesBookTests.swift */; };
		88CD72DB236AF6BB00313E93 /* RecipesRepository.swift in Sources */ = {isa = PBXBuildFile; fileRef = 88CD72DA236AF6BB00313E93 /* RecipesRepository.swift */; };
		88CD72DE236AF70800313E93 /* RecipePuppyKit.framework in Frameworks */ = {isa = PBXBuildFile; fileRef = 88CD72DD236AF70800313E93 /* RecipePuppyKit.framework */; };
		88CD72DF236AF70800313E93 /* RecipePuppyKit.framework in Embed Frameworks */ = {isa = PBXBuildFile; fileRef = 88CD72DD236AF70800313E93 /* RecipePuppyKit.framework */; settings = {ATTRIBUTES = (CodeSignOnCopy, RemoveHeadersOnCopy, ); }; };
		88CD72E2236AF70C00313E93 /* Models.framework in Frameworks */ = {isa = PBXBuildFile; fileRef = 88CD72E1236AF70C00313E93 /* Models.framework */; };
		88CD72E3236AF70C00313E93 /* Models.framework in Embed Frameworks */ = {isa = PBXBuildFile; fileRef = 88CD72E1236AF70C00313E93 /* Models.framework */; settings = {ATTRIBUTES = (CodeSignOnCopy, RemoveHeadersOnCopy, ); }; };
		88CD72E6236AF7A700313E93 /* GetRecipesWithIngredients.swift in Sources */ = {isa = PBXBuildFile; fileRef = 88CD72E5236AF7A700313E93 /* GetRecipesWithIngredients.swift */; };
		88CD72EA236AFDF000313E93 /* SearchViewModel.swift in Sources */ = {isa = PBXBuildFile; fileRef = 88CD72E9236AFDF000313E93 /* SearchViewModel.swift */; };
/* End PBXBuildFile section */

/* Begin PBXContainerItemProxy section */
		88CD7239236AD39D00313E93 /* PBXContainerItemProxy */ = {
			isa = PBXContainerItemProxy;
			containerPortal = 88CD721A236AD39B00313E93 /* Project object */;
			proxyType = 1;
			remoteGlobalIDString = 88CD7221236AD39B00313E93;
			remoteInfo = RecipesBook;
		};
/* End PBXContainerItemProxy section */

/* Begin PBXCopyFilesBuildPhase section */
		88CD72E0236AF70800313E93 /* Embed Frameworks */ = {
			isa = PBXCopyFilesBuildPhase;
			buildActionMask = 2147483647;
			dstPath = "";
			dstSubfolderSpec = 10;
			files = (
				88CD72E3236AF70C00313E93 /* Models.framework in Embed Frameworks */,
				88CD72DF236AF70800313E93 /* RecipePuppyKit.framework in Embed Frameworks */,
			);
			name = "Embed Frameworks";
			runOnlyForDeploymentPostprocessing = 0;
		};
/* End PBXCopyFilesBuildPhase section */

/* Begin PBXFileReference section */
		88CD7222236AD39B00313E93 /* RecipesBook.app */ = {isa = PBXFileReference; explicitFileType = wrapper.application; includeInIndex = 0; path = RecipesBook.app; sourceTree = BUILT_PRODUCTS_DIR; };
		88CD7225236AD39B00313E93 /* AppDelegate.swift */ = {isa = PBXFileReference; lastKnownFileType = sourcecode.swift; path = AppDelegate.swift; sourceTree = "<group>"; };
		88CD7227236AD39B00313E93 /* SceneDelegate.swift */ = {isa = PBXFileReference; lastKnownFileType = sourcecode.swift; path = SceneDelegate.swift; sourceTree = "<group>"; };
		88CD7229236AD39C00313E93 /* SearchViewController.swift */ = {isa = PBXFileReference; lastKnownFileType = sourcecode.swift; path = SearchViewController.swift; sourceTree = "<group>"; };
		88CD722C236AD39C00313E93 /* Base */ = {isa = PBXFileReference; lastKnownFileType = file.storyboard; name = Base; path = Base.lproj/Main.storyboard; sourceTree = "<group>"; };
		88CD722E236AD39D00313E93 /* Assets.xcassets */ = {isa = PBXFileReference; lastKnownFileType = folder.assetcatalog; path = Assets.xcassets; sourceTree = "<group>"; };
		88CD7231236AD39D00313E93 /* Base */ = {isa = PBXFileReference; lastKnownFileType = file.storyboard; name = Base; path = Base.lproj/LaunchScreen.storyboard; sourceTree = "<group>"; };
		88CD7233236AD39D00313E93 /* Info.plist */ = {isa = PBXFileReference; lastKnownFileType = text.plist.xml; path = Info.plist; sourceTree = "<group>"; };
		88CD7238236AD39D00313E93 /* RecipesBookTests.xctest */ = {isa = PBXFileReference; explicitFileType = wrapper.cfbundle; includeInIndex = 0; path = RecipesBookTests.xctest; sourceTree = BUILT_PRODUCTS_DIR; };
		88CD723C236AD39D00313E93 /* RecipesBookTests.swift */ = {isa = PBXFileReference; lastKnownFileType = sourcecode.swift; path = RecipesBookTests.swift; sourceTree = "<group>"; };
		88CD723E236AD39D00313E93 /* Info.plist */ = {isa = PBXFileReference; lastKnownFileType = text.plist.xml; path = Info.plist; sourceTree = "<group>"; };
		88CD72DA236AF6BB00313E93 /* RecipesRepository.swift */ = {isa = PBXFileReference; lastKnownFileType = sourcecode.swift; path = RecipesRepository.swift; sourceTree = "<group>"; };
		88CD72DD236AF70800313E93 /* RecipePuppyKit.framework */ = {isa = PBXFileReference; explicitFileType = wrapper.framework; path = RecipePuppyKit.framework; sourceTree = BUILT_PRODUCTS_DIR; };
		88CD72E1236AF70C00313E93 /* Models.framework */ = {isa = PBXFileReference; explicitFileType = wrapper.framework; path = Models.framework; sourceTree = BUILT_PRODUCTS_DIR; };
		88CD72E5236AF7A700313E93 /* GetRecipesWithIngredients.swift */ = {isa = PBXFileReference; lastKnownFileType = sourcecode.swift; path = GetRecipesWithIngredients.swift; sourceTree = "<group>"; };
		88CD72E9236AFDF000313E93 /* SearchViewModel.swift */ = {isa = PBXFileReference; lastKnownFileType = sourcecode.swift; path = SearchViewModel.swift; sourceTree = "<group>"; };
/* End PBXFileReference section */

/* Begin PBXFrameworksBuildPhase section */
		88CD721F236AD39B00313E93 /* Frameworks */ = {
			isa = PBXFrameworksBuildPhase;
			buildActionMask = 2147483647;
			files = (
				88CD72E2236AF70C00313E93 /* Models.framework in Frameworks */,
				88CD72DE236AF70800313E93 /* RecipePuppyKit.framework in Frameworks */,
			);
			runOnlyForDeploymentPostprocessing = 0;
		};
		88CD7235236AD39D00313E93 /* Frameworks */ = {
			isa = PBXFrameworksBuildPhase;
			buildActionMask = 2147483647;
			files = (
			);
			runOnlyForDeploymentPostprocessing = 0;
		};
/* End PBXFrameworksBuildPhase section */

/* Begin PBXGroup section */
		88CD7219236AD39B00313E93 = {
			isa = PBXGroup;
			children = (
				88CD7224236AD39B00313E93 /* RecipesBook */,
				88CD723B236AD39D00313E93 /* RecipesBookTests */,
				88CD7223236AD39B00313E93 /* Products */,
				88CD72DC236AF70800313E93 /* Frameworks */,
			);
			sourceTree = "<group>";
		};
		88CD7223236AD39B00313E93 /* Products */ = {
			isa = PBXGroup;
			children = (
				88CD7222236AD39B00313E93 /* RecipesBook.app */,
				88CD7238236AD39D00313E93 /* RecipesBookTests.xctest */,
			);
			name = Products;
			sourceTree = "<group>";
		};
		88CD7224236AD39B00313E93 /* RecipesBook */ = {
			isa = PBXGroup;
			children = (
				88CD72E7236AFCE800313E93 /* SearchRecipes */,
				88CD72D9236AF57F00313E93 /* Repositories */,
				88CD7225236AD39B00313E93 /* AppDelegate.swift */,
				88CD7227236AD39B00313E93 /* SceneDelegate.swift */,
				88CD722B236AD39C00313E93 /* Main.storyboard */,
				88CD722E236AD39D00313E93 /* Assets.xcassets */,
				88CD7230236AD39D00313E93 /* LaunchScreen.storyboard */,
				88CD7233236AD39D00313E93 /* Info.plist */,
			);
			path = RecipesBook;
			sourceTree = "<group>";
		};
		88CD723B236AD39D00313E93 /* RecipesBookTests */ = {
			isa = PBXGroup;
			children = (
				88CD723C236AD39D00313E93 /* RecipesBookTests.swift */,
				88CD723E236AD39D00313E93 /* Info.plist */,
			);
			path = RecipesBookTests;
			sourceTree = "<group>";
		};
		88CD72D8236AF56D00313E93 /* ViewControllers */ = {
			isa = PBXGroup;
			children = (
				88CD7229236AD39C00313E93 /* SearchViewController.swift */,
			);
			path = ViewControllers;
			sourceTree = "<group>";
		};
		88CD72D9236AF57F00313E93 /* Repositories */ = {
			isa = PBXGroup;
			children = (
				88CD72DA236AF6BB00313E93 /* RecipesRepository.swift */,
			);
			path = Repositories;
			sourceTree = "<group>";
		};
		88CD72DC236AF70800313E93 /* Frameworks */ = {
			isa = PBXGroup;
			children = (
				88CD72E1236AF70C00313E93 /* Models.framework */,
				88CD72DD236AF70800313E93 /* RecipePuppyKit.framework */,
			);
			name = Frameworks;
			sourceTree = "<group>";
		};
		88CD72E4236AF77800313E93 /* UseCases */ = {
			isa = PBXGroup;
			children = (
				88CD72E5236AF7A700313E93 /* GetRecipesWithIngredients.swift */,
			);
			path = UseCases;
			sourceTree = "<group>";
		};
		88CD72E7236AFCE800313E93 /* SearchRecipes */ = {
			isa = PBXGroup;
			children = (
				88CD72E8236AFDDC00313E93 /* ViewModels */,
				88CD72D8236AF56D00313E93 /* ViewControllers */,
				88CD72E4236AF77800313E93 /* UseCases */,
			);
			path = SearchRecipes;
			sourceTree = "<group>";
		};
		88CD72E8236AFDDC00313E93 /* ViewModels */ = {
			isa = PBXGroup;
			children = (
				88CD72E9236AFDF000313E93 /* SearchViewModel.swift */,
			);
			path = ViewModels;
			sourceTree = "<group>";
		};
/* End PBXGroup section */

/* Begin PBXNativeTarget section */
		88CD7221236AD39B00313E93 /* RecipesBook */ = {
			isa = PBXNativeTarget;
			buildConfigurationList = 88CD7241236AD39D00313E93 /* Build configuration list for PBXNativeTarget "RecipesBook" */;
			buildPhases = (
				88CD721E236AD39B00313E93 /* Sources */,
				88CD721F236AD39B00313E93 /* Frameworks */,
				88CD7220236AD39B00313E93 /* Resources */,
				88CD72E0236AF70800313E93 /* Embed Frameworks */,
			);
			buildRules = (
			);
			dependencies = (
			);
			name = RecipesBook;
			productName = RecipesBook;
			productReference = 88CD7222236AD39B00313E93 /* RecipesBook.app */;
			productType = "com.apple.product-type.application";
		};
		88CD7237236AD39D00313E93 /* RecipesBookTests */ = {
			isa = PBXNativeTarget;
			buildConfigurationList = 88CD7244236AD39D00313E93 /* Build configuration list for PBXNativeTarget "RecipesBookTests" */;
			buildPhases = (
				88CD7234236AD39D00313E93 /* Sources */,
				88CD7235236AD39D00313E93 /* Frameworks */,
				88CD7236236AD39D00313E93 /* Resources */,
			);
			buildRules = (
			);
			dependencies = (
				88CD723A236AD39D00313E93 /* PBXTargetDependency */,
			);
			name = RecipesBookTests;
			productName = RecipesBookTests;
			productReference = 88CD7238236AD39D00313E93 /* RecipesBookTests.xctest */;
			productType = "com.apple.product-type.bundle.unit-test";
		};
/* End PBXNativeTarget section */

/* Begin PBXProject section */
		88CD721A236AD39B00313E93 /* Project object */ = {
			isa = PBXProject;
			attributes = {
				LastSwiftUpdateCheck = 1100;
				LastUpgradeCheck = 1100;
				ORGANIZATIONNAME = badi;
				TargetAttributes = {
					88CD7221236AD39B00313E93 = {
						CreatedOnToolsVersion = 11.0;
					};
					88CD7237236AD39D00313E93 = {
						CreatedOnToolsVersion = 11.0;
						TestTargetID = 88CD7221236AD39B00313E93;
					};
				};
			};
			buildConfigurationList = 88CD721D236AD39B00313E93 /* Build configuration list for PBXProject "RecipesBook" */;
			compatibilityVersion = "Xcode 9.3";
			developmentRegion = en;
			hasScannedForEncodings = 0;
			knownRegions = (
				en,
				Base,
			);
			mainGroup = 88CD7219236AD39B00313E93;
			productRefGroup = 88CD7223236AD39B00313E93 /* Products */;
			projectDirPath = "";
			projectRoot = "";
			targets = (
				88CD7221236AD39B00313E93 /* RecipesBook */,
				88CD7237236AD39D00313E93 /* RecipesBookTests */,
			);
		};
/* End PBXProject section */

/* Begin PBXResourcesBuildPhase section */
		88CD7220236AD39B00313E93 /* Resources */ = {
			isa = PBXResourcesBuildPhase;
			buildActionMask = 2147483647;
			files = (
				88CD7232236AD39D00313E93 /* LaunchScreen.storyboard in Resources */,
				88CD722F236AD39D00313E93 /* Assets.xcassets in Resources */,
				88CD722D236AD39C00313E93 /* Main.storyboard in Resources */,
			);
			runOnlyForDeploymentPostprocessing = 0;
		};
		88CD7236236AD39D00313E93 /* Resources */ = {
			isa = PBXResourcesBuildPhase;
			buildActionMask = 2147483647;
			files = (
			);
			runOnlyForDeploymentPostprocessing = 0;
		};
/* End PBXResourcesBuildPhase section */

/* Begin PBXSourcesBuildPhase section */
		88CD721E236AD39B00313E93 /* Sources */ = {
			isa = PBXSourcesBuildPhase;
			buildActionMask = 2147483647;
			files = (
				88CD72EA236AFDF000313E93 /* SearchViewModel.swift in Sources */,
				88CD722A236AD39C00313E93 /* SearchViewController.swift in Sources */,
				88CD72E6236AF7A700313E93 /* GetRecipesWithIngredients.swift in Sources */,
				88CD72DB236AF6BB00313E93 /* RecipesRepository.swift in Sources */,
				88CD7226236AD39B00313E93 /* AppDelegate.swift in Sources */,
				88CD7228236AD39B00313E93 /* SceneDelegate.swift in Sources */,
			);
			runOnlyForDeploymentPostprocessing = 0;
		};
		88CD7234236AD39D00313E93 /* Sources */ = {
			isa = PBXSourcesBuildPhase;
			buildActionMask = 2147483647;
			files = (
				88CD723D236AD39D00313E93 /* RecipesBookTests.swift in Sources */,
			);
			runOnlyForDeploymentPostprocessing = 0;
		};
/* End PBXSourcesBuildPhase section */

/* Begin PBXTargetDependency section */
		88CD723A236AD39D00313E93 /* PBXTargetDependency */ = {
			isa = PBXTargetDependency;
			target = 88CD7221236AD39B00313E93 /* RecipesBook */;
			targetProxy = 88CD7239236AD39D00313E93 /* PBXContainerItemProxy */;
		};
/* End PBXTargetDependency section */

/* Begin PBXVariantGroup section */
		88CD722B236AD39C00313E93 /* Main.storyboard */ = {
			isa = PBXVariantGroup;
			children = (
				88CD722C236AD39C00313E93 /* Base */,
			);
			name = Main.storyboard;
			sourceTree = "<group>";
		};
		88CD7230236AD39D00313E93 /* LaunchScreen.storyboard */ = {
			isa = PBXVariantGroup;
			children = (
				88CD7231236AD39D00313E93 /* Base */,
			);
			name = LaunchScreen.storyboard;
			sourceTree = "<group>";
		};
/* End PBXVariantGroup section */

/* Begin XCBuildConfiguration section */
		88CD723F236AD39D00313E93 /* Debug */ = {
			isa = XCBuildConfiguration;
			buildSettings = {
				ALWAYS_SEARCH_USER_PATHS = NO;
				CLANG_ANALYZER_NONNULL = YES;
				CLANG_ANALYZER_NUMBER_OBJECT_CONVERSION = YES_AGGRESSIVE;
				CLANG_CXX_LANGUAGE_STANDARD = "gnu++14";
				CLANG_CXX_LIBRARY = "libc++";
				CLANG_ENABLE_MODULES = YES;
				CLANG_ENABLE_OBJC_ARC = YES;
				CLANG_ENABLE_OBJC_WEAK = YES;
				CLANG_WARN_BLOCK_CAPTURE_AUTORELEASING = YES;
				CLANG_WARN_BOOL_CONVERSION = YES;
				CLANG_WARN_COMMA = YES;
				CLANG_WARN_CONSTANT_CONVERSION = YES;
				CLANG_WARN_DEPRECATED_OBJC_IMPLEMENTATIONS = YES;
				CLANG_WARN_DIRECT_OBJC_ISA_USAGE = YES_ERROR;
				CLANG_WARN_DOCUMENTATION_COMMENTS = YES;
				CLANG_WARN_EMPTY_BODY = YES;
				CLANG_WARN_ENUM_CONVERSION = YES;
				CLANG_WARN_INFINITE_RECURSION = YES;
				CLANG_WARN_INT_CONVERSION = YES;
				CLANG_WARN_NON_LITERAL_NULL_CONVERSION = YES;
				CLANG_WARN_OBJC_IMPLICIT_RETAIN_SELF = YES;
				CLANG_WARN_OBJC_LITERAL_CONVERSION = YES;
				CLANG_WARN_OBJC_ROOT_CLASS = YES_ERROR;
				CLANG_WARN_RANGE_LOOP_ANALYSIS = YES;
				CLANG_WARN_STRICT_PROTOTYPES = YES;
				CLANG_WARN_SUSPICIOUS_MOVE = YES;
				CLANG_WARN_UNGUARDED_AVAILABILITY = YES_AGGRESSIVE;
				CLANG_WARN_UNREACHABLE_CODE = YES;
				CLANG_WARN__DUPLICATE_METHOD_MATCH = YES;
				COPY_PHASE_STRIP = NO;
				DEBUG_INFORMATION_FORMAT = dwarf;
				ENABLE_STRICT_OBJC_MSGSEND = YES;
				ENABLE_TESTABILITY = YES;
				GCC_C_LANGUAGE_STANDARD = gnu11;
				GCC_DYNAMIC_NO_PIC = NO;
				GCC_NO_COMMON_BLOCKS = YES;
				GCC_OPTIMIZATION_LEVEL = 0;
				GCC_PREPROCESSOR_DEFINITIONS = (
					"DEBUG=1",
					"$(inherited)",
				);
				GCC_WARN_64_TO_32_BIT_CONVERSION = YES;
				GCC_WARN_ABOUT_RETURN_TYPE = YES_ERROR;
				GCC_WARN_UNDECLARED_SELECTOR = YES;
				GCC_WARN_UNINITIALIZED_AUTOS = YES_AGGRESSIVE;
				GCC_WARN_UNUSED_FUNCTION = YES;
				GCC_WARN_UNUSED_VARIABLE = YES;
				IPHONEOS_DEPLOYMENT_TARGET = 13.0;
				MTL_ENABLE_DEBUG_INFO = INCLUDE_SOURCE;
				MTL_FAST_MATH = YES;
				ONLY_ACTIVE_ARCH = YES;
				SDKROOT = iphoneos;
				SWIFT_ACTIVE_COMPILATION_CONDITIONS = DEBUG;
				SWIFT_OPTIMIZATION_LEVEL = "-Onone";
			};
			name = Debug;
		};
		88CD7240236AD39D00313E93 /* Release */ = {
			isa = XCBuildConfiguration;
			buildSettings = {
				ALWAYS_SEARCH_USER_PATHS = NO;
				CLANG_ANALYZER_NONNULL = YES;
				CLANG_ANALYZER_NUMBER_OBJECT_CONVERSION = YES_AGGRESSIVE;
				CLANG_CXX_LANGUAGE_STANDARD = "gnu++14";
				CLANG_CXX_LIBRARY = "libc++";
				CLANG_ENABLE_MODULES = YES;
				CLANG_ENABLE_OBJC_ARC = YES;
				CLANG_ENABLE_OBJC_WEAK = YES;
				CLANG_WARN_BLOCK_CAPTURE_AUTORELEASING = YES;
				CLANG_WARN_BOOL_CONVERSION = YES;
				CLANG_WARN_COMMA = YES;
				CLANG_WARN_CONSTANT_CONVERSION = YES;
				CLANG_WARN_DEPRECATED_OBJC_IMPLEMENTATIONS = YES;
				CLANG_WARN_DIRECT_OBJC_ISA_USAGE = YES_ERROR;
				CLANG_WARN_DOCUMENTATION_COMMENTS = YES;
				CLANG_WARN_EMPTY_BODY = YES;
				CLANG_WARN_ENUM_CONVERSION = YES;
				CLANG_WARN_INFINITE_RECURSION = YES;
				CLANG_WARN_INT_CONVERSION = YES;
				CLANG_WARN_NON_LITERAL_NULL_CONVERSION = YES;
				CLANG_WARN_OBJC_IMPLICIT_RETAIN_SELF = YES;
				CLANG_WARN_OBJC_LITERAL_CONVERSION = YES;
				CLANG_WARN_OBJC_ROOT_CLASS = YES_ERROR;
				CLANG_WARN_RANGE_LOOP_ANALYSIS = YES;
				CLANG_WARN_STRICT_PROTOTYPES = YES;
				CLANG_WARN_SUSPICIOUS_MOVE = YES;
				CLANG_WARN_UNGUARDED_AVAILABILITY = YES_AGGRESSIVE;
				CLANG_WARN_UNREACHABLE_CODE = YES;
				CLANG_WARN__DUPLICATE_METHOD_MATCH = YES;
				COPY_PHASE_STRIP = NO;
				DEBUG_INFORMATION_FORMAT = "dwarf-with-dsym";
				ENABLE_NS_ASSERTIONS = NO;
				ENABLE_STRICT_OBJC_MSGSEND = YES;
				GCC_C_LANGUAGE_STANDARD = gnu11;
				GCC_NO_COMMON_BLOCKS = YES;
				GCC_WARN_64_TO_32_BIT_CONVERSION = YES;
				GCC_WARN_ABOUT_RETURN_TYPE = YES_ERROR;
				GCC_WARN_UNDECLARED_SELECTOR = YES;
				GCC_WARN_UNINITIALIZED_AUTOS = YES_AGGRESSIVE;
				GCC_WARN_UNUSED_FUNCTION = YES;
				GCC_WARN_UNUSED_VARIABLE = YES;
				IPHONEOS_DEPLOYMENT_TARGET = 13.0;
				MTL_ENABLE_DEBUG_INFO = NO;
				MTL_FAST_MATH = YES;
				SDKROOT = iphoneos;
				SWIFT_COMPILATION_MODE = wholemodule;
				SWIFT_OPTIMIZATION_LEVEL = "-O";
				VALIDATE_PRODUCT = YES;
			};
			name = Release;
		};
		88CD7242236AD39D00313E93 /* Debug */ = {
			isa = XCBuildConfiguration;
			buildSettings = {
				ASSETCATALOG_COMPILER_APPICON_NAME = AppIcon;
				CODE_SIGN_STYLE = Automatic;
				DEVELOPMENT_TEAM = PL4DM2BH2S;
				INFOPLIST_FILE = RecipesBook/Info.plist;
				LD_RUNPATH_SEARCH_PATHS = (
					"$(inherited)",
					"@executable_path/Frameworks",
				);
				PRODUCT_BUNDLE_IDENTIFIER = badi.RecipesBook;
				PRODUCT_NAME = "$(TARGET_NAME)";
				SWIFT_VERSION = 5.0;
				TARGETED_DEVICE_FAMILY = "1,2";
			};
			name = Debug;
		};
		88CD7243236AD39D00313E93 /* Release */ = {
			isa = XCBuildConfiguration;
			buildSettings = {
				ASSETCATALOG_COMPILER_APPICON_NAME = AppIcon;
				CODE_SIGN_STYLE = Automatic;
				DEVELOPMENT_TEAM = PL4DM2BH2S;
				INFOPLIST_FILE = RecipesBook/Info.plist;
				LD_RUNPATH_SEARCH_PATHS = (
					"$(inherited)",
					"@executable_path/Frameworks",
				);
				PRODUCT_BUNDLE_IDENTIFIER = badi.RecipesBook;
				PRODUCT_NAME = "$(TARGET_NAME)";
				SWIFT_VERSION = 5.0;
				TARGETED_DEVICE_FAMILY = "1,2";
			};
			name = Release;
		};
		88CD7245236AD39D00313E93 /* Debug */ = {
			isa = XCBuildConfiguration;
			buildSettings = {
				ALWAYS_EMBED_SWIFT_STANDARD_LIBRARIES = YES;
				BUNDLE_LOADER = "$(TEST_HOST)";
				CODE_SIGN_STYLE = Automatic;
				DEVELOPMENT_TEAM = PL4DM2BH2S;
				INFOPLIST_FILE = RecipesBookTests/Info.plist;
				IPHONEOS_DEPLOYMENT_TARGET = 13.0;
				LD_RUNPATH_SEARCH_PATHS = (
					"$(inherited)",
					"@executable_path/Frameworks",
					"@loader_path/Frameworks",
				);
				PRODUCT_BUNDLE_IDENTIFIER = badi.RecipesBookTests;
				PRODUCT_NAME = "$(TARGET_NAME)";
				SWIFT_VERSION = 5.0;
				TARGETED_DEVICE_FAMILY = "1,2";
				TEST_HOST = "$(BUILT_PRODUCTS_DIR)/RecipesBook.app/RecipesBook";
			};
			name = Debug;
		};
		88CD7246236AD39D00313E93 /* Release */ = {
			isa = XCBuildConfiguration;
			buildSettings = {
				ALWAYS_EMBED_SWIFT_STANDARD_LIBRARIES = YES;
				BUNDLE_LOADER = "$(TEST_HOST)";
				CODE_SIGN_STYLE = Automatic;
				DEVELOPMENT_TEAM = PL4DM2BH2S;
				INFOPLIST_FILE = RecipesBookTests/Info.plist;
				IPHONEOS_DEPLOYMENT_TARGET = 13.0;
				LD_RUNPATH_SEARCH_PATHS = (
					"$(inherited)",
					"@executable_path/Frameworks",
					"@loader_path/Frameworks",
				);
				PRODUCT_BUNDLE_IDENTIFIER = badi.RecipesBookTests;
				PRODUCT_NAME = "$(TARGET_NAME)";
				SWIFT_VERSION = 5.0;
				TARGETED_DEVICE_FAMILY = "1,2";
				TEST_HOST = "$(BUILT_PRODUCTS_DIR)/RecipesBook.app/RecipesBook";
			};
			name = Release;
		};
/* End XCBuildConfiguration section */

/* Begin XCConfigurationList section */
		88CD721D236AD39B00313E93 /* Build configuration list for PBXProject "RecipesBook" */ = {
			isa = XCConfigurationList;
			buildConfigurations = (
				88CD723F236AD39D00313E93 /* Debug */,
				88CD7240236AD39D00313E93 /* Release */,
			);
			defaultConfigurationIsVisible = 0;
			defaultConfigurationName = Release;
		};
		88CD7241236AD39D00313E93 /* Build configuration list for PBXNativeTarget "RecipesBook" */ = {
			isa = XCConfigurationList;
			buildConfigurations = (
				88CD7242236AD39D00313E93 /* Debug */,
				88CD7243236AD39D00313E93 /* Release */,
			);
			defaultConfigurationIsVisible = 0;
			defaultConfigurationName = Release;
		};
		88CD7244236AD39D00313E93 /* Build configuration list for PBXNativeTarget "RecipesBookTests" */ = {
			isa = XCConfigurationList;
			buildConfigurations = (
				88CD7245236AD39D00313E93 /* Debug */,
				88CD7246236AD39D00313E93 /* Release */,
			);
			defaultConfigurationIsVisible = 0;
			defaultConfigurationName = Release;
		};
/* End XCConfigurationList section */
	};
	rootObject = 88CD721A236AD39B00313E93 /* Project object */;
}
